# Generated by pub
# See http://pub.dartlang.org/doc/glossary.html#lockfile
packages:
  analyzer:
    description: analyzer
    source: hosted
    version: "0.23.0"
  appengine:
    description: appengine
    source: hosted
    version: "0.2.6"
  args:
    description: args
    source: hosted
    version: "0.12.2+6"
  browser:
    description: browser
    source: hosted
    version: "0.10.0+2"
  collection:
    description: collection
    source: hosted
    version: "1.1.0"
  cookie:
    description: cookie
    source: hosted
    version: "0.0.4"
  crypto:
    description: crypto
    source: hosted
    version: "0.9.0"
  csslib:
    description: csslib
    source: hosted
    version: "0.11.0+4"
  fixnum:
    description: fixnum
    source: hosted
    version: "0.9.1+2"
  forcemvc:
    description: forcemvc
    source: hosted
    version: "0.7.1"
  gcloud:
    description: gcloud
    source: hosted
    version: "0.1.4+1"
  github:
    description: github
    source: hosted
    version: "2.1.8"
  googleapis:
    description: googleapis
    source: hosted
    version: "0.6.0"
  googleapis_auth:
    description: googleapis_auth
    source: hosted
    version: "0.2.3+1"
  googleapis_beta:
    description: googleapis_beta
    source: hosted
    version: "0.9.0"
  html5lib:
    description: html5lib
    source: hosted
    version: "0.12.0"
  http:
    description: http
    source: hosted
    version: "0.11.1+3"
  http_parser:
    description: http_parser
    source: hosted
    version: "0.0.2+5"
  http_server:
    description: http_server
    source: hosted
    version: "0.9.5+1"
  intl:
    description: intl
    source: hosted
    version: "0.12.0+3"
  jsonify:
    description: jsonify
    source: hosted
    version: "0.0.1"
  logging:
    description: logging
    source: hosted
    version: "0.9.3"
  markdown:
    description: markdown
    source: hosted
    version: "0.7.1+2"
  matcher:
    description: matcher
    source: hosted
    version: "0.11.4+1"
  memcache:
    description: memcache
    source: hosted
    version: "0.1.0"
  mime:
    description: mime
    source: hosted
    version: "0.9.3"
  mirrorme:
    description: mirrorme
    source: hosted
    version: "0.2.2"
  mustache4dart:
    description: mustache4dart
    source: hosted
    version: "1.0.9"
  path:
    description: path
    source: hosted
    version: "1.3.3"
  petitparser:
    description: petitparser
    source: hosted
    version: "1.3.7"
  protobuf:
    description: protobuf
    source: hosted
    version: "0.3.5+2"
  quiver:
    description: quiver
    source: hosted
    version: "0.21.1"
  route:
    description: route
    source: hosted
    version: "0.4.6"
  source_span:
    description: source_span
    source: hosted
    version: "1.0.3"
  stack_trace:
    description: stack_trace
    source: hosted
    version: "1.2.1"
  string_scanner:
    description: string_scanner
    source: hosted
    version: "0.1.3"
  utf:
    description: utf
    source: hosted
    version: "0.9.0+2"
  watcher:
    description: watcher
    source: hosted
    version: "0.9.4"
  wired:
    description: wired
    source: hosted
    version: "0.4.3+1"
  xml:
    description: xml
    source: hosted
    version: "2.2.3"
  yaml:
    description: yaml
    source: hosted
    version: "2.1.2"
